// !$*UTF8*$!
{
	archiveVersion = 1;
	classes = {
	};
	objectVersion = 56;
	objects = {

/* Begin PBXBuildFile section */
		AA9D548D294D7D38003B9FD5 /* AnimatedOnBoardingScreenApp.swift in Sources */ = {isa = PBXBuildFile; fileRef = AA9D548C294D7D38003B9FD5 /* AnimatedOnBoardingScreenApp.swift */; };
		AA9D548F294D7D38003B9FD5 /* ContentView.swift in Sources */ = {isa = PBXBuildFile; fileRef = AA9D548E294D7D38003B9FD5 /* ContentView.swift */; };
		AA9D5491294D7D3C003B9FD5 /* Assets.xcassets in Resources */ = {isa = PBXBuildFile; fileRef = AA9D5490294D7D3C003B9FD5 /* Assets.xcassets */; };
		AA9D5494294D7D3C003B9FD5 /* Preview Assets.xcassets in Resources */ = {isa = PBXBuildFile; fileRef = AA9D5493294D7D3C003B9FD5 /* Preview Assets.xcassets */; };
		AA9D549C294D7E52003B9FD5 /* Lottie in Frameworks */ = {isa = PBXBuildFile; productRef = AA9D549B294D7E52003B9FD5 /* Lottie */; };
		AA9D54A0294D7E91003B9FD5 /* OnBoardingItem.swift in Sources */ = {isa = PBXBuildFile; fileRef = AA9D549F294D7E91003B9FD5 /* OnBoardingItem.swift */; };
		AA9D54A2294D8013003B9FD5 /* OnBoardingScreen.swift in Sources */ = {isa = PBXBuildFile; fileRef = AA9D54A1294D8013003B9FD5 /* OnBoardingScreen.swift */; };
		AA9D54B0294D996F003B9FD5 /* Delivery.json in Resources */ = {isa = PBXBuildFile; fileRef = AA9D54AD294D996F003B9FD5 /* Delivery.json */; };
		AA9D54B1294D996F003B9FD5 /* Transfer.json in Resources */ = {isa = PBXBuildFile; fileRef = AA9D54AE294D996F003B9FD5 /* Transfer.json */; };
		AA9D54B4294D99AD003B9FD5 /* Pickup.json in Resources */ = {isa = PBXBuildFile; fileRef = AA9D54B3294D99AD003B9FD5 /* Pickup.json */; };
/* End PBXBuildFile section */

/* Begin PBXFileReference section */
		AA9D5489294D7D38003B9FD5 /* AnimatedOnBoardingScreen.app */ = {isa = PBXFileReference; explicitFileType = wrapper.application; includeInIndex = 0; path = AnimatedOnBoardingScreen.app; sourceTree = BUILT_PRODUCTS_DIR; };
		AA9D548C294D7D38003B9FD5 /* AnimatedOnBoardingScreenApp.swift */ = {isa = PBXFileReference; lastKnownFileType = sourcecode.swift; path = AnimatedOnBoardingScreenApp.swift; sourceTree = "<group>"; };
		AA9D548E294D7D38003B9FD5 /* ContentView.swift */ = {isa = PBXFileReference; lastKnownFileType = sourcecode.swift; path = ContentView.swift; sourceTree = "<group>"; };
		AA9D5490294D7D3C003B9FD5 /* Assets.xcassets */ = {isa = PBXFileReference; lastKnownFileType = folder.assetcatalog; path = Assets.xcassets; sourceTree = "<group>"; };
		AA9D5493294D7D3C003B9FD5 /* Preview Assets.xcassets */ = {isa = PBXFileReference; lastKnownFileType = folder.assetcatalog; path = "Preview Assets.xcassets"; sourceTree = "<group>"; };
		AA9D549F294D7E91003B9FD5 /* OnBoardingItem.swift */ = {isa = PBXFileReference; lastKnownFileType = sourcecode.swift; path = OnBoardingItem.swift; sourceTree = "<group>"; };
		AA9D54A1294D8013003B9FD5 /* OnBoardingScreen.swift */ = {isa = PBXFileReference; lastKnownFileType = sourcecode.swift; path = OnBoardingScreen.swift; sourceTree = "<group>"; };
		AA9D54AD294D996F003B9FD5 /* Delivery.json */ = {isa = PBXFileReference; lastKnownFileType = text.json; name = Delivery.json; path = ../../../Downloads/Delivery.json; sourceTree = "<group>"; };
		AA9D54AE294D996F003B9FD5 /* Transfer.json */ = {isa = PBXFileReference; lastKnownFileType = text.json; name = Transfer.json; path = ../../../Downloads/Transfer.json; sourceTree = "<group>"; };
		AA9D54B3294D99AD003B9FD5 /* Pickup.json */ = {isa = PBXFileReference; lastKnownFileType = text.json; path = Pickup.json; sourceTree = "<group>"; };
/* End PBXFileReference section */

/* Begin PBXFrameworksBuildPhase section */
		AA9D5486294D7D38003B9FD5 /* Frameworks */ = {
			isa = PBXFrameworksBuildPhase;
			buildActionMask = 2147483647;
			files = (
				AA9D549C294D7E52003B9FD5 /* Lottie in Frameworks */,
			);
			runOnlyForDeploymentPostprocessing = 0;
		};
/* End PBXFrameworksBuildPhase section */

/* Begin PBXGroup section */
		AA9D5480294D7D38003B9FD5 = {
			isa = PBXGroup;
			children = (
				AA9D54B3294D99AD003B9FD5 /* Pickup.json */,
				AA9D54AD294D996F003B9FD5 /* Delivery.json */,
				AA9D54AE294D996F003B9FD5 /* Transfer.json */,
				AA9D548B294D7D38003B9FD5 /* AnimatedOnBoardingScreen */,
				AA9D548A294D7D38003B9FD5 /* Products */,
			);
			sourceTree = "<group>";
		};
		AA9D548A294D7D38003B9FD5 /* Products */ = {
			isa = PBXGroup;
			children = (
				AA9D5489294D7D38003B9FD5 /* AnimatedOnBoardingScreen.app */,
			);
			name = Products;
			sourceTree = "<group>";
		};
		AA9D548B294D7D38003B9FD5 /* AnimatedOnBoardingScreen */ = {
			isa = PBXGroup;
			children = (
				AA9D549E294D7E6C003B9FD5 /* Model */,
				AA9D549D294D7E63003B9FD5 /* View */,
				AA9D548C294D7D38003B9FD5 /* AnimatedOnBoardingScreenApp.swift */,
				AA9D548E294D7D38003B9FD5 /* ContentView.swift */,
				AA9D5490294D7D3C003B9FD5 /* Assets.xcassets */,
				AA9D5492294D7D3C003B9FD5 /* Preview Content */,
			);
			path = AnimatedOnBoardingScreen;
			sourceTree = "<group>";
		};
		AA9D5492294D7D3C003B9FD5 /* Preview Content */ = {
			isa = PBXGroup;
			children = (
				AA9D5493294D7D3C003B9FD5 /* Preview Assets.xcassets */,
			);
			path = "Preview Content";
			sourceTree = "<group>";
		};
		AA9D549D294D7E63003B9FD5 /* View */ = {
			isa = PBXGroup;
			children = (
				AA9D54A1294D8013003B9FD5 /* OnBoardingScreen.swift */,
			);
			path = View;
			sourceTree = "<group>";
		};
		AA9D549E294D7E6C003B9FD5 /* Model */ = {
			isa = PBXGroup;
			children = (
				AA9D549F294D7E91003B9FD5 /* OnBoardingItem.swift */,
			);
			path = Model;
			sourceTree = "<group>";
		};
/* End PBXGroup section */

/* Begin PBXNativeTarget section */
		AA9D5488294D7D38003B9FD5 /* AnimatedOnBoardingScreen */ = {
			isa = PBXNativeTarget;
			buildConfigurationList = AA9D5497294D7D3C003B9FD5 /* Build configuration list for PBXNativeTarget "AnimatedOnBoardingScreen" */;
			buildPhases = (
				AA9D5485294D7D38003B9FD5 /* Sources */,
				AA9D5486294D7D38003B9FD5 /* Frameworks */,
				AA9D5487294D7D38003B9FD5 /* Resources */,
			);
			buildRules = (
			);
			dependencies = (
			);
			name = AnimatedOnBoardingScreen;
			packageProductDependencies = (
				AA9D549B294D7E52003B9FD5 /* Lottie */,
			);
			productName = AnimatedOnBoardingScreen;
			productReference = AA9D5489294D7D38003B9FD5 /* AnimatedOnBoardingScreen.app */;
			productType = "com.apple.product-type.application";
		};
/* End PBXNativeTarget section */

/* Begin PBXProject section */
		AA9D5481294D7D38003B9FD5 /* Project object */ = {
			isa = PBXProject;
			attributes = {
				BuildIndependentTargetsInParallel = 1;
				LastSwiftUpdateCheck = 1410;
				LastUpgradeCheck = 1410;
				TargetAttributes = {
					AA9D5488294D7D38003B9FD5 = {
						CreatedOnToolsVersion = 14.1;
					};
				};
			};
			buildConfigurationList = AA9D5484294D7D38003B9FD5 /* Build configuration list for PBXProject "AnimatedOnBoardingScreen" */;
			compatibilityVersion = "Xcode 14.0";
			developmentRegion = en;
			hasScannedForEncodings = 0;
			knownRegions = (
				en,
				Base,
			);
			mainGroup = AA9D5480294D7D38003B9FD5;
			packageReferences = (
				AA9D549A294D7E52003B9FD5 /* XCRemoteSwiftPackageReference "lottie-ios" */,
			);
			productRefGroup = AA9D548A294D7D38003B9FD5 /* Products */;
			projectDirPath = "";
			projectRoot = "";
			targets = (
				AA9D5488294D7D38003B9FD5 /* AnimatedOnBoardingScreen */,
			);
		};
/* End PBXProject section */

/* Begin PBXResourcesBuildPhase section */
		AA9D5487294D7D38003B9FD5 /* Resources */ = {
			isa = PBXResourcesBuildPhase;
			buildActionMask = 2147483647;
			files = (
				AA9D54B4294D99AD003B9FD5 /* Pickup.json in Resources */,
				AA9D54B0294D996F003B9FD5 /* Delivery.json in Resources */,
				AA9D54B1294D996F003B9FD5 /* Transfer.json in Resources */,
				AA9D5494294D7D3C003B9FD5 /* Preview Assets.xcassets in Resources */,
				AA9D5491294D7D3C003B9FD5 /* Assets.xcassets in Resources */,
			);
			runOnlyForDeploymentPostprocessing = 0;
		};
/* End PBXResourcesBuildPhase section */

/* Begin PBXSourcesBuildPhase section */
		AA9D5485294D7D38003B9FD5 /* Sources */ = {
			isa = PBXSourcesBuildPhase;
			buildActionMask = 2147483647;
			files = (
				AA9D54A2294D8013003B9FD5 /* OnBoardingScreen.swift in Sources */,
				AA9D548F294D7D38003B9FD5 /* ContentView.swift in Sources */,
				AA9D548D294D7D38003B9FD5 /* AnimatedOnBoardingScreenApp.swift in Sources */,
				AA9D54A0294D7E91003B9FD5 /* OnBoardingItem.swift in Sources */,
			);
			runOnlyForDeploymentPostprocessing = 0;
		};
/* End PBXSourcesBuildPhase section */

/* Begin XCBuildConfiguration section */
		AA9D5495294D7D3C003B9FD5 /* Debug */ = {
			isa = XCBuildConfiguration;
			buildSettings = {
				ALWAYS_SEARCH_USER_PATHS = NO;
				CLANG_ANALYZER_NONNULL = YES;
				CLANG_ANALYZER_NUMBER_OBJECT_CONVERSION = YES_AGGRESSIVE;
				CLANG_CXX_LANGUAGE_STANDARD = "gnu++20";
				CLANG_ENABLE_MODULES = YES;
				CLANG_ENABLE_OBJC_ARC = YES;
				CLANG_ENABLE_OBJC_WEAK = YES;
				CLANG_WARN_BLOCK_CAPTURE_AUTORELEASING = YES;
				CLANG_WARN_BOOL_CONVERSION = YES;
				CLANG_WARN_COMMA = YES;
				CLANG_WARN_CONSTANT_CONVERSION = YES;
				CLANG_WARN_DEPRECATED_OBJC_IMPLEMENTATIONS = YES;
				CLANG_WARN_DIRECT_OBJC_ISA_USAGE = YES_ERROR;
				CLANG_WARN_DOCUMENTATION_COMMENTS = YES;
				CLANG_WARN_EMPTY_BODY = YES;
				CLANG_WARN_ENUM_CONVERSION = YES;
				CLANG_WARN_INFINITE_RECURSION = YES;
				CLANG_WARN_INT_CONVERSION = YES;
				CLANG_WARN_NON_LITERAL_NULL_CONVERSION = YES;
				CLANG_WARN_OBJC_IMPLICIT_RETAIN_SELF = YES;
				CLANG_WARN_OBJC_LITERAL_CONVERSION = YES;
				CLANG_WARN_OBJC_ROOT_CLASS = YES_ERROR;
				CLANG_WARN_QUOTED_INCLUDE_IN_FRAMEWORK_HEADER = YES;
				CLANG_WARN_RANGE_LOOP_ANALYSIS = YES;
				CLANG_WARN_STRICT_PROTOTYPES = YES;
				CLANG_WARN_SUSPICIOUS_MOVE = YES;
				CLANG_WARN_UNGUARDED_AVAILABILITY = YES_AGGRESSIVE;
				CLANG_WARN_UNREACHABLE_CODE = YES;
				CLANG_WARN__DUPLICATE_METHOD_MATCH = YES;
				COPY_PHASE_STRIP = NO;
				DEBUG_INFORMATION_FORMAT = dwarf;
				ENABLE_STRICT_OBJC_MSGSEND = YES;
				ENABLE_TESTABILITY = YES;
				GCC_C_LANGUAGE_STANDARD = gnu11;
				GCC_DYNAMIC_NO_PIC = NO;
				GCC_NO_COMMON_BLOCKS = YES;
				GCC_OPTIMIZATION_LEVEL = 0;
				GCC_PREPROCESSOR_DEFINITIONS = (
					"DEBUG=1",
					"$(inherited)",
				);
				GCC_WARN_64_TO_32_BIT_CONVERSION = YES;
				GCC_WARN_ABOUT_RETURN_TYPE = YES_ERROR;
				GCC_WARN_UNDECLARED_SELECTOR = YES;
				GCC_WARN_UNINITIALIZED_AUTOS = YES_AGGRESSIVE;
				GCC_WARN_UNUSED_FUNCTION = YES;
				GCC_WARN_UNUSED_VARIABLE = YES;
				IPHONEOS_DEPLOYMENT_TARGET = 16.1;
				MTL_ENABLE_DEBUG_INFO = INCLUDE_SOURCE;
				MTL_FAST_MATH = YES;
				ONLY_ACTIVE_ARCH = YES;
				SDKROOT = iphoneos;
				SWIFT_ACTIVE_COMPILATION_CONDITIONS = DEBUG;
				SWIFT_OPTIMIZATION_LEVEL = "-Onone";
			};
			name = Debug;
		};
		AA9D5496294D7D3C003B9FD5 /* Release */ = {
			isa = XCBuildConfiguration;
			buildSettings = {
				ALWAYS_SEARCH_USER_PATHS = NO;
				CLANG_ANALYZER_NONNULL = YES;
				CLANG_ANALYZER_NUMBER_OBJECT_CONVERSION = YES_AGGRESSIVE;
				CLANG_CXX_LANGUAGE_STANDARD = "gnu++20";
				CLANG_ENABLE_MODULES = YES;
				CLANG_ENABLE_OBJC_ARC = YES;
				CLANG_ENABLE_OBJC_WEAK = YES;
				CLANG_WARN_BLOCK_CAPTURE_AUTORELEASING = YES;
				CLANG_WARN_BOOL_CONVERSION = YES;
				CLANG_WARN_COMMA = YES;
				CLANG_WARN_CONSTANT_CONVERSION = YES;
				CLANG_WARN_DEPRECATED_OBJC_IMPLEMENTATIONS = YES;
				CLANG_WARN_DIRECT_OBJC_ISA_USAGE = YES_ERROR;
				CLANG_WARN_DOCUMENTATION_COMMENTS = YES;
				CLANG_WARN_EMPTY_BODY = YES;
				CLANG_WARN_ENUM_CONVERSION = YES;
				CLANG_WARN_INFINITE_RECURSION = YES;
				CLANG_WARN_INT_CONVERSION = YES;
				CLANG_WARN_NON_LITERAL_NULL_CONVERSION = YES;
				CLANG_WARN_OBJC_IMPLICIT_RETAIN_SELF = YES;
				CLANG_WARN_OBJC_LITERAL_CONVERSION = YES;
				CLANG_WARN_OBJC_ROOT_CLASS = YES_ERROR;
				CLANG_WARN_QUOTED_INCLUDE_IN_FRAMEWORK_HEADER = YES;
				CLANG_WARN_RANGE_LOOP_ANALYSIS = YES;
				CLANG_WARN_STRICT_PROTOTYPES = YES;
				CLANG_WARN_SUSPICIOUS_MOVE = YES;
				CLANG_WARN_UNGUARDED_AVAILABILITY = YES_AGGRESSIVE;
				CLANG_WARN_UNREACHABLE_CODE = YES;
				CLANG_WARN__DUPLICATE_METHOD_MATCH = YES;
				COPY_PHASE_STRIP = NO;
				DEBUG_INFORMATION_FORMAT = "dwarf-with-dsym";
				ENABLE_NS_ASSERTIONS = NO;
				ENABLE_STRICT_OBJC_MSGSEND = YES;
				GCC_C_LANGUAGE_STANDARD = gnu11;
				GCC_NO_COMMON_BLOCKS = YES;
				GCC_WARN_64_TO_32_BIT_CONVERSION = YES;
				GCC_WARN_ABOUT_RETURN_TYPE = YES_ERROR;
				GCC_WARN_UNDECLARED_SELECTOR = YES;
				GCC_WARN_UNINITIALIZED_AUTOS = YES_AGGRESSIVE;
				GCC_WARN_UNUSED_FUNCTION = YES;
				GCC_WARN_UNUSED_VARIABLE = YES;
				IPHONEOS_DEPLOYMENT_TARGET = 16.1;
				MTL_ENABLE_DEBUG_INFO = NO;
				MTL_FAST_MATH = YES;
				SDKROOT = iphoneos;
				SWIFT_COMPILATION_MODE = wholemodule;
				SWIFT_OPTIMIZATION_LEVEL = "-O";
				VALIDATE_PRODUCT = YES;
			};
			name = Release;
		};
		AA9D5498294D7D3C003B9FD5 /* Debug */ = {
			isa = XCBuildConfiguration;
			buildSettings = {
				ASSETCATALOG_COMPILER_APPICON_NAME = AppIcon;
				ASSETCATALOG_COMPILER_GLOBAL_ACCENT_COLOR_NAME = AccentColor;
				CODE_SIGN_STYLE = Automatic;
				CURRENT_PROJECT_VERSION = 1;
				DEVELOPMENT_ASSET_PATHS = "\"AnimatedOnBoardingScreen/Preview Content\"";
				DEVELOPMENT_TEAM = 2UYV54B9WB;
				ENABLE_PREVIEWS = YES;
				GENERATE_INFOPLIST_FILE = YES;
				INFOPLIST_KEY_UIApplicationSceneManifest_Generation = YES;
				INFOPLIST_KEY_UIApplicationSupportsIndirectInputEvents = YES;
				INFOPLIST_KEY_UILaunchScreen_Generation = YES;
				INFOPLIST_KEY_UISupportedInterfaceOrientations_iPad = "UIInterfaceOrientationPortrait UIInterfaceOrientationPortraitUpsideDown UIInterfaceOrientationLandscapeLeft UIInterfaceOrientationLandscapeRight";
				INFOPLIST_KEY_UISupportedInterfaceOrientations_iPhone = "UIInterfaceOrientationPortrait UIInterfaceOrientationLandscapeLeft UIInterfaceOrientationLandscapeRight";
				LD_RUNPATH_SEARCH_PATHS = (
					"$(inherited)",
					"@executable_path/Frameworks",
				);
				MARKETING_VERSION = 1.0;
				PRODUCT_BUNDLE_IDENTIFIER = com.alaxhenry.AnimatedOnBoardingScreen;
				PRODUCT_NAME = "$(TARGET_NAME)";
				SWIFT_EMIT_LOC_STRINGS = YES;
				SWIFT_VERSION = 5.0;
				TARGETED_DEVICE_FAMILY = "1,2";
			};
			name = Debug;
		};
		AA9D5499294D7D3C003B9FD5 /* Release */ = {
			isa = XCBuildConfiguration;
			buildSettings = {
				ASSETCATALOG_COMPILER_APPICON_NAME = AppIcon;
				ASSETCATALOG_COMPILER_GLOBAL_ACCENT_COLOR_NAME = AccentColor;
				CODE_SIGN_STYLE = Automatic;
				CURRENT_PROJECT_VERSION = 1;
				DEVELOPMENT_ASSET_PATHS = "\"AnimatedOnBoardingScreen/Preview Content\"";
				DEVELOPMENT_TEAM = 2UYV54B9WB;
				ENABLE_PREVIEWS = YES;
				GENERATE_INFOPLIST_FILE = YES;
				INFOPLIST_KEY_UIApplicationSceneManifest_Generation = YES;
				INFOPLIST_KEY_UIApplicationSupportsIndirectInputEvents = YES;
				INFOPLIST_KEY_UILaunchScreen_Generation = YES;
				INFOPLIST_KEY_UISupportedInterfaceOrientations_iPad = "UIInterfaceOrientationPortrait UIInterfaceOrientationPortraitUpsideDown UIInterfaceOrientationLandscapeLeft UIInterfaceOrientationLandscapeRight";
				INFOPLIST_KEY_UISupportedInterfaceOrientations_iPhone = "UIInterfaceOrientationPortrait UIInterfaceOrientationLandscapeLeft UIInterfaceOrientationLandscapeRight";
				LD_RUNPATH_SEARCH_PATHS = (
					"$(inherited)",
					"@executable_path/Frameworks",
				);
				MARKETING_VERSION = 1.0;
				PRODUCT_BUNDLE_IDENTIFIER = com.alaxhenry.AnimatedOnBoardingScreen;
				PRODUCT_NAME = "$(TARGET_NAME)";
				SWIFT_EMIT_LOC_STRINGS = YES;
				SWIFT_VERSION = 5.0;
				TARGETED_DEVICE_FAMILY = "1,2";
			};
			name = Release;
		};
/* End XCBuildConfiguration section */

/* Begin XCConfigurationList section */
		AA9D5484294D7D38003B9FD5 /* Build configuration list for PBXProject "AnimatedOnBoardingScreen" */ = {
			isa = XCConfigurationList;
			buildConfigurations = (
				AA9D5495294D7D3C003B9FD5 /* Debug */,
				AA9D5496294D7D3C003B9FD5 /* Release */,
			);
			defaultConfigurationIsVisible = 0;
			defaultConfigurationName = Release;
		};
		AA9D5497294D7D3C003B9FD5 /* Build configuration list for PBXNativeTarget "AnimatedOnBoardingScreen" */ = {
			isa = XCConfigurationList;
			buildConfigurations = (
				AA9D5498294D7D3C003B9FD5 /* Debug */,
				AA9D5499294D7D3C003B9FD5 /* Release */,
			);
			defaultConfigurationIsVisible = 0;
			defaultConfigurationName = Release;
		};
/* End XCConfigurationList section */

/* Begin XCRemoteSwiftPackageReference section */
		AA9D549A294D7E52003B9FD5 /* XCRemoteSwiftPackageReference "lottie-ios" */ = {
			isa = XCRemoteSwiftPackageReference;
			repositoryURL = "https://github.com/airbnb/lottie-ios.git";
			requirement = {
				kind = upToNextMajorVersion;
				minimumVersion = 4.0.0;
			};
		};
/* End XCRemoteSwiftPackageReference section */

/* Begin XCSwiftPackageProductDependency section */
		AA9D549B294D7E52003B9FD5 /* Lottie */ = {
			isa = XCSwiftPackageProductDependency;
			package = AA9D549A294D7E52003B9FD5 /* XCRemoteSwiftPackageReference "lottie-ios" */;
			productName = Lottie;
		};
/* End XCSwiftPackageProductDependency section */
	};
	rootObject = AA9D5481294D7D38003B9FD5 /* Project object */;
}
